// !$*UTF8*$!
{
	archiveVersion = 1;
	classes = {
	};
	objectVersion = 46;
	objects = {

/* Begin PBXBuildFile section */
		E13525BC149A9100000B4FD3 /* Foundation.framework in Frameworks */ = {isa = PBXBuildFile; fileRef = E13525BB149A9100000B4FD3 /* Foundation.framework */; };
		E13525C2149A9100000B4FD3 /* WordPressApi.m in Sources */ = {isa = PBXBuildFile; fileRef = E13525C1149A9100000B4FD3 /* WordPressApi.m */; };
		E13525E9149A9296000B4FD3 /* AFHTTPClient.h in Headers */ = {isa = PBXBuildFile; fileRef = E13525D3149A9296000B4FD3 /* AFHTTPClient.h */; };
		E13525EA149A9296000B4FD3 /* AFHTTPClient.m in Sources */ = {isa = PBXBuildFile; fileRef = E13525D4149A9296000B4FD3 /* AFHTTPClient.m */; };
		E13525EB149A9296000B4FD3 /* AFHTTPRequestOperation.h in Headers */ = {isa = PBXBuildFile; fileRef = E13525D5149A9296000B4FD3 /* AFHTTPRequestOperation.h */; };
		E13525EC149A9296000B4FD3 /* AFHTTPRequestOperation.m in Sources */ = {isa = PBXBuildFile; fileRef = E13525D6149A9296000B4FD3 /* AFHTTPRequestOperation.m */; };
		E13525ED149A9296000B4FD3 /* AFImageCache.h in Headers */ = {isa = PBXBuildFile; fileRef = E13525D7149A9296000B4FD3 /* AFImageCache.h */; };
		E13525EE149A9296000B4FD3 /* AFImageCache.m in Sources */ = {isa = PBXBuildFile; fileRef = E13525D8149A9296000B4FD3 /* AFImageCache.m */; };
		E13525EF149A9296000B4FD3 /* AFImageRequestOperation.h in Headers */ = {isa = PBXBuildFile; fileRef = E13525D9149A9296000B4FD3 /* AFImageRequestOperation.h */; };
		E13525F0149A9296000B4FD3 /* AFImageRequestOperation.m in Sources */ = {isa = PBXBuildFile; fileRef = E13525DA149A9296000B4FD3 /* AFImageRequestOperation.m */; };
		E13525F1149A9296000B4FD3 /* AFJSONRequestOperation.h in Headers */ = {isa = PBXBuildFile; fileRef = E13525DB149A9296000B4FD3 /* AFJSONRequestOperation.h */; };
		E13525F2149A9296000B4FD3 /* AFJSONRequestOperation.m in Sources */ = {isa = PBXBuildFile; fileRef = E13525DC149A9296000B4FD3 /* AFJSONRequestOperation.m */; };
		E13525F3149A9296000B4FD3 /* AFJSONUtilities.h in Headers */ = {isa = PBXBuildFile; fileRef = E13525DD149A9296000B4FD3 /* AFJSONUtilities.h */; };
		E13525F4149A9296000B4FD3 /* AFNetworkActivityIndicatorManager.h in Headers */ = {isa = PBXBuildFile; fileRef = E13525DE149A9296000B4FD3 /* AFNetworkActivityIndicatorManager.h */; };
		E13525F5149A9296000B4FD3 /* AFNetworkActivityIndicatorManager.m in Sources */ = {isa = PBXBuildFile; fileRef = E13525DF149A9296000B4FD3 /* AFNetworkActivityIndicatorManager.m */; };
		E13525F6149A9296000B4FD3 /* AFNetworking.h in Headers */ = {isa = PBXBuildFile; fileRef = E13525E0149A9296000B4FD3 /* AFNetworking.h */; };
		E13525F7149A9296000B4FD3 /* AFPropertyListRequestOperation.h in Headers */ = {isa = PBXBuildFile; fileRef = E13525E1149A9296000B4FD3 /* AFPropertyListRequestOperation.h */; };
		E13525F8149A9296000B4FD3 /* AFPropertyListRequestOperation.m in Sources */ = {isa = PBXBuildFile; fileRef = E13525E2149A9296000B4FD3 /* AFPropertyListRequestOperation.m */; };
		E13525F9149A9296000B4FD3 /* AFURLConnectionOperation.h in Headers */ = {isa = PBXBuildFile; fileRef = E13525E3149A9296000B4FD3 /* AFURLConnectionOperation.h */; };
		E13525FA149A9296000B4FD3 /* AFURLConnectionOperation.m in Sources */ = {isa = PBXBuildFile; fileRef = E13525E4149A9296000B4FD3 /* AFURLConnectionOperation.m */; };
		E13525FB149A9296000B4FD3 /* AFXMLRequestOperation.h in Headers */ = {isa = PBXBuildFile; fileRef = E13525E5149A9296000B4FD3 /* AFXMLRequestOperation.h */; };
		E13525FC149A9296000B4FD3 /* AFXMLRequestOperation.m in Sources */ = {isa = PBXBuildFile; fileRef = E13525E6149A9296000B4FD3 /* AFXMLRequestOperation.m */; };
		E13525FD149A9296000B4FD3 /* UIImageView+AFNetworking.h in Headers */ = {isa = PBXBuildFile; fileRef = E13525E7149A9296000B4FD3 /* UIImageView+AFNetworking.h */; };
		E13525FE149A9296000B4FD3 /* UIImageView+AFNetworking.m in Sources */ = {isa = PBXBuildFile; fileRef = E13525E8149A9296000B4FD3 /* UIImageView+AFNetworking.m */; };
		E1352619149A92C2000B4FD3 /* NSDataAdditions.h in Headers */ = {isa = PBXBuildFile; fileRef = E1352614149A92C2000B4FD3 /* NSDataAdditions.h */; };
		E135261A149A92C2000B4FD3 /* NSDataAdditions.m in Sources */ = {isa = PBXBuildFile; fileRef = E1352615149A92C2000B4FD3 /* NSDataAdditions.m */; };
		E135261B149A92C2000B4FD3 /* NSStringAdditions.h in Headers */ = {isa = PBXBuildFile; fileRef = E1352616149A92C2000B4FD3 /* NSStringAdditions.h */; };
		E135261C149A92C2000B4FD3 /* NSStringAdditions.m in Sources */ = {isa = PBXBuildFile; fileRef = E1352617149A92C2000B4FD3 /* NSStringAdditions.m */; };
		E135261D149A92C2000B4FD3 /* XMLRPCConnectionDelegate.h in Headers */ = {isa = PBXBuildFile; fileRef = E1352618149A92C2000B4FD3 /* XMLRPCConnectionDelegate.h */; };
		E135261E149A92C2000B4FD3 /* XMLRPC.h in Headers */ = {isa = PBXBuildFile; fileRef = E1352605149A92C2000B4FD3 /* XMLRPC.h */; };
		E135261F149A92C2000B4FD3 /* XMLRPCConnection.h in Headers */ = {isa = PBXBuildFile; fileRef = E1352606149A92C2000B4FD3 /* XMLRPCConnection.h */; };
		E1352620149A92C2000B4FD3 /* XMLRPCConnection.m in Sources */ = {isa = PBXBuildFile; fileRef = E1352607149A92C2000B4FD3 /* XMLRPCConnection.m */; };
		E1352621149A92C2000B4FD3 /* XMLRPCConnectionManager.h in Headers */ = {isa = PBXBuildFile; fileRef = E1352608149A92C2000B4FD3 /* XMLRPCConnectionManager.h */; };
		E1352622149A92C2000B4FD3 /* XMLRPCConnectionManager.m in Sources */ = {isa = PBXBuildFile; fileRef = E1352609149A92C2000B4FD3 /* XMLRPCConnectionManager.m */; };
		E1352623149A92C2000B4FD3 /* XMLRPCEncoder.h in Headers */ = {isa = PBXBuildFile; fileRef = E135260A149A92C2000B4FD3 /* XMLRPCEncoder.h */; };
		E1352624149A92C2000B4FD3 /* XMLRPCEncoder.m in Sources */ = {isa = PBXBuildFile; fileRef = E135260B149A92C2000B4FD3 /* XMLRPCEncoder.m */; };
		E1352625149A92C2000B4FD3 /* XMLRPCEventBasedParser.h in Headers */ = {isa = PBXBuildFile; fileRef = E135260C149A92C2000B4FD3 /* XMLRPCEventBasedParser.h */; };
		E1352626149A92C2000B4FD3 /* XMLRPCEventBasedParser.m in Sources */ = {isa = PBXBuildFile; fileRef = E135260D149A92C2000B4FD3 /* XMLRPCEventBasedParser.m */; };
		E1352627149A92C2000B4FD3 /* XMLRPCEventBasedParserDelegate.h in Headers */ = {isa = PBXBuildFile; fileRef = E135260E149A92C2000B4FD3 /* XMLRPCEventBasedParserDelegate.h */; };
		E1352628149A92C2000B4FD3 /* XMLRPCEventBasedParserDelegate.m in Sources */ = {isa = PBXBuildFile; fileRef = E135260F149A92C2000B4FD3 /* XMLRPCEventBasedParserDelegate.m */; };
		E1352629149A92C2000B4FD3 /* XMLRPCRequest.h in Headers */ = {isa = PBXBuildFile; fileRef = E1352610149A92C2000B4FD3 /* XMLRPCRequest.h */; };
		E135262A149A92C2000B4FD3 /* XMLRPCRequest.m in Sources */ = {isa = PBXBuildFile; fileRef = E1352611149A92C2000B4FD3 /* XMLRPCRequest.m */; };
		E135262B149A92C2000B4FD3 /* XMLRPCResponse.h in Headers */ = {isa = PBXBuildFile; fileRef = E1352612149A92C2000B4FD3 /* XMLRPCResponse.h */; };
		E135262C149A92C2000B4FD3 /* XMLRPCResponse.m in Sources */ = {isa = PBXBuildFile; fileRef = E1352613149A92C2000B4FD3 /* XMLRPCResponse.m */; };
		E1F753B414A0803D00DB35A3 /* AFXMLRPCClient.h in Headers */ = {isa = PBXBuildFile; fileRef = E1F753B214A0803D00DB35A3 /* AFXMLRPCClient.h */; };
		E1F753B514A0803D00DB35A3 /* AFXMLRPCClient.m in Sources */ = {isa = PBXBuildFile; fileRef = E1F753B314A0803D00DB35A3 /* AFXMLRPCClient.m */; };
/* End PBXBuildFile section */

/* Begin PBXFileReference section */
		E13525B8149A9100000B4FD3 /* libWordPressApi.a */ = {isa = PBXFileReference; explicitFileType = archive.ar; includeInIndex = 0; path = libWordPressApi.a; sourceTree = BUILT_PRODUCTS_DIR; };
		E13525BB149A9100000B4FD3 /* Foundation.framework */ = {isa = PBXFileReference; lastKnownFileType = wrapper.framework; name = Foundation.framework; path = System/Library/Frameworks/Foundation.framework; sourceTree = SDKROOT; };
		E13525BF149A9100000B4FD3 /* WordPressApi-Prefix.pch */ = {isa = PBXFileReference; lastKnownFileType = sourcecode.c.h; path = "WordPressApi-Prefix.pch"; sourceTree = "<group>"; };
		E13525C0149A9100000B4FD3 /* WordPressApi.h */ = {isa = PBXFileReference; lastKnownFileType = sourcecode.c.h; path = WordPressApi.h; sourceTree = "<group>"; };
		E13525C1149A9100000B4FD3 /* WordPressApi.m */ = {isa = PBXFileReference; lastKnownFileType = sourcecode.c.objc; path = WordPressApi.m; sourceTree = "<group>"; };
		E13525D3149A9296000B4FD3 /* AFHTTPClient.h */ = {isa = PBXFileReference; fileEncoding = 4; lastKnownFileType = sourcecode.c.h; path = AFHTTPClient.h; sourceTree = "<group>"; };
		E13525D4149A9296000B4FD3 /* AFHTTPClient.m */ = {isa = PBXFileReference; fileEncoding = 4; lastKnownFileType = sourcecode.c.objc; path = AFHTTPClient.m; sourceTree = "<group>"; };
		E13525D5149A9296000B4FD3 /* AFHTTPRequestOperation.h */ = {isa = PBXFileReference; fileEncoding = 4; lastKnownFileType = sourcecode.c.h; path = AFHTTPRequestOperation.h; sourceTree = "<group>"; };
		E13525D6149A9296000B4FD3 /* AFHTTPRequestOperation.m */ = {isa = PBXFileReference; fileEncoding = 4; lastKnownFileType = sourcecode.c.objc; path = AFHTTPRequestOperation.m; sourceTree = "<group>"; };
		E13525D7149A9296000B4FD3 /* AFImageCache.h */ = {isa = PBXFileReference; fileEncoding = 4; lastKnownFileType = sourcecode.c.h; path = AFImageCache.h; sourceTree = "<group>"; };
		E13525D8149A9296000B4FD3 /* AFImageCache.m */ = {isa = PBXFileReference; fileEncoding = 4; lastKnownFileType = sourcecode.c.objc; path = AFImageCache.m; sourceTree = "<group>"; };
		E13525D9149A9296000B4FD3 /* AFImageRequestOperation.h */ = {isa = PBXFileReference; fileEncoding = 4; lastKnownFileType = sourcecode.c.h; path = AFImageRequestOperation.h; sourceTree = "<group>"; };
		E13525DA149A9296000B4FD3 /* AFImageRequestOperation.m */ = {isa = PBXFileReference; fileEncoding = 4; lastKnownFileType = sourcecode.c.objc; path = AFImageRequestOperation.m; sourceTree = "<group>"; };
		E13525DB149A9296000B4FD3 /* AFJSONRequestOperation.h */ = {isa = PBXFileReference; fileEncoding = 4; lastKnownFileType = sourcecode.c.h; path = AFJSONRequestOperation.h; sourceTree = "<group>"; };
		E13525DC149A9296000B4FD3 /* AFJSONRequestOperation.m */ = {isa = PBXFileReference; fileEncoding = 4; lastKnownFileType = sourcecode.c.objc; path = AFJSONRequestOperation.m; sourceTree = "<group>"; };
		E13525DD149A9296000B4FD3 /* AFJSONUtilities.h */ = {isa = PBXFileReference; fileEncoding = 4; lastKnownFileType = sourcecode.c.h; path = AFJSONUtilities.h; sourceTree = "<group>"; };
		E13525DE149A9296000B4FD3 /* AFNetworkActivityIndicatorManager.h */ = {isa = PBXFileReference; fileEncoding = 4; lastKnownFileType = sourcecode.c.h; path = AFNetworkActivityIndicatorManager.h; sourceTree = "<group>"; };
		E13525DF149A9296000B4FD3 /* AFNetworkActivityIndicatorManager.m */ = {isa = PBXFileReference; fileEncoding = 4; lastKnownFileType = sourcecode.c.objc; path = AFNetworkActivityIndicatorManager.m; sourceTree = "<group>"; };
		E13525E0149A9296000B4FD3 /* AFNetworking.h */ = {isa = PBXFileReference; fileEncoding = 4; lastKnownFileType = sourcecode.c.h; path = AFNetworking.h; sourceTree = "<group>"; };
		E13525E1149A9296000B4FD3 /* AFPropertyListRequestOperation.h */ = {isa = PBXFileReference; fileEncoding = 4; lastKnownFileType = sourcecode.c.h; path = AFPropertyListRequestOperation.h; sourceTree = "<group>"; };
		E13525E2149A9296000B4FD3 /* AFPropertyListRequestOperation.m */ = {isa = PBXFileReference; fileEncoding = 4; lastKnownFileType = sourcecode.c.objc; path = AFPropertyListRequestOperation.m; sourceTree = "<group>"; };
		E13525E3149A9296000B4FD3 /* AFURLConnectionOperation.h */ = {isa = PBXFileReference; fileEncoding = 4; lastKnownFileType = sourcecode.c.h; path = AFURLConnectionOperation.h; sourceTree = "<group>"; };
		E13525E4149A9296000B4FD3 /* AFURLConnectionOperation.m */ = {isa = PBXFileReference; fileEncoding = 4; lastKnownFileType = sourcecode.c.objc; path = AFURLConnectionOperation.m; sourceTree = "<group>"; };
		E13525E5149A9296000B4FD3 /* AFXMLRequestOperation.h */ = {isa = PBXFileReference; fileEncoding = 4; lastKnownFileType = sourcecode.c.h; path = AFXMLRequestOperation.h; sourceTree = "<group>"; };
		E13525E6149A9296000B4FD3 /* AFXMLRequestOperation.m */ = {isa = PBXFileReference; fileEncoding = 4; lastKnownFileType = sourcecode.c.objc; path = AFXMLRequestOperation.m; sourceTree = "<group>"; };
		E13525E7149A9296000B4FD3 /* UIImageView+AFNetworking.h */ = {isa = PBXFileReference; fileEncoding = 4; lastKnownFileType = sourcecode.c.h; path = "UIImageView+AFNetworking.h"; sourceTree = "<group>"; };
		E13525E8149A9296000B4FD3 /* UIImageView+AFNetworking.m */ = {isa = PBXFileReference; fileEncoding = 4; lastKnownFileType = sourcecode.c.objc; path = "UIImageView+AFNetworking.m"; sourceTree = "<group>"; };
		E1352605149A92C2000B4FD3 /* XMLRPC.h */ = {isa = PBXFileReference; fileEncoding = 4; lastKnownFileType = sourcecode.c.h; path = XMLRPC.h; sourceTree = "<group>"; };
		E1352606149A92C2000B4FD3 /* XMLRPCConnection.h */ = {isa = PBXFileReference; fileEncoding = 4; lastKnownFileType = sourcecode.c.h; path = XMLRPCConnection.h; sourceTree = "<group>"; };
		E1352607149A92C2000B4FD3 /* XMLRPCConnection.m */ = {isa = PBXFileReference; fileEncoding = 4; lastKnownFileType = sourcecode.c.objc; path = XMLRPCConnection.m; sourceTree = "<group>"; };
		E1352608149A92C2000B4FD3 /* XMLRPCConnectionManager.h */ = {isa = PBXFileReference; fileEncoding = 4; lastKnownFileType = sourcecode.c.h; path = XMLRPCConnectionManager.h; sourceTree = "<group>"; };
		E1352609149A92C2000B4FD3 /* XMLRPCConnectionManager.m */ = {isa = PBXFileReference; fileEncoding = 4; lastKnownFileType = sourcecode.c.objc; path = XMLRPCConnectionManager.m; sourceTree = "<group>"; };
		E135260A149A92C2000B4FD3 /* XMLRPCEncoder.h */ = {isa = PBXFileReference; fileEncoding = 4; lastKnownFileType = sourcecode.c.h; path = XMLRPCEncoder.h; sourceTree = "<group>"; };
		E135260B149A92C2000B4FD3 /* XMLRPCEncoder.m */ = {isa = PBXFileReference; fileEncoding = 4; lastKnownFileType = sourcecode.c.objc; path = XMLRPCEncoder.m; sourceTree = "<group>"; };
		E135260C149A92C2000B4FD3 /* XMLRPCEventBasedParser.h */ = {isa = PBXFileReference; fileEncoding = 4; lastKnownFileType = sourcecode.c.h; path = XMLRPCEventBasedParser.h; sourceTree = "<group>"; };
		E135260D149A92C2000B4FD3 /* XMLRPCEventBasedParser.m */ = {isa = PBXFileReference; fileEncoding = 4; lastKnownFileType = sourcecode.c.objc; path = XMLRPCEventBasedParser.m; sourceTree = "<group>"; };
		E135260E149A92C2000B4FD3 /* XMLRPCEventBasedParserDelegate.h */ = {isa = PBXFileReference; fileEncoding = 4; lastKnownFileType = sourcecode.c.h; path = XMLRPCEventBasedParserDelegate.h; sourceTree = "<group>"; };
		E135260F149A92C2000B4FD3 /* XMLRPCEventBasedParserDelegate.m */ = {isa = PBXFileReference; fileEncoding = 4; lastKnownFileType = sourcecode.c.objc; path = XMLRPCEventBasedParserDelegate.m; sourceTree = "<group>"; };
		E1352610149A92C2000B4FD3 /* XMLRPCRequest.h */ = {isa = PBXFileReference; fileEncoding = 4; lastKnownFileType = sourcecode.c.h; path = XMLRPCRequest.h; sourceTree = "<group>"; };
		E1352611149A92C2000B4FD3 /* XMLRPCRequest.m */ = {isa = PBXFileReference; fileEncoding = 4; lastKnownFileType = sourcecode.c.objc; path = XMLRPCRequest.m; sourceTree = "<group>"; };
		E1352612149A92C2000B4FD3 /* XMLRPCResponse.h */ = {isa = PBXFileReference; fileEncoding = 4; lastKnownFileType = sourcecode.c.h; path = XMLRPCResponse.h; sourceTree = "<group>"; };
		E1352613149A92C2000B4FD3 /* XMLRPCResponse.m */ = {isa = PBXFileReference; fileEncoding = 4; lastKnownFileType = sourcecode.c.objc; path = XMLRPCResponse.m; sourceTree = "<group>"; };
		E1352614149A92C2000B4FD3 /* NSDataAdditions.h */ = {isa = PBXFileReference; fileEncoding = 4; lastKnownFileType = sourcecode.c.h; path = NSDataAdditions.h; sourceTree = "<group>"; };
		E1352615149A92C2000B4FD3 /* NSDataAdditions.m */ = {isa = PBXFileReference; fileEncoding = 4; lastKnownFileType = sourcecode.c.objc; path = NSDataAdditions.m; sourceTree = "<group>"; };
		E1352616149A92C2000B4FD3 /* NSStringAdditions.h */ = {isa = PBXFileReference; fileEncoding = 4; lastKnownFileType = sourcecode.c.h; path = NSStringAdditions.h; sourceTree = "<group>"; };
		E1352617149A92C2000B4FD3 /* NSStringAdditions.m */ = {isa = PBXFileReference; fileEncoding = 4; lastKnownFileType = sourcecode.c.objc; path = NSStringAdditions.m; sourceTree = "<group>"; };
		E1352618149A92C2000B4FD3 /* XMLRPCConnectionDelegate.h */ = {isa = PBXFileReference; fileEncoding = 4; lastKnownFileType = sourcecode.c.h; path = XMLRPCConnectionDelegate.h; sourceTree = "<group>"; };
		E1F753B214A0803D00DB35A3 /* AFXMLRPCClient.h */ = {isa = PBXFileReference; fileEncoding = 4; lastKnownFileType = sourcecode.c.h; path = AFXMLRPCClient.h; sourceTree = "<group>"; };
		E1F753B314A0803D00DB35A3 /* AFXMLRPCClient.m */ = {isa = PBXFileReference; fileEncoding = 4; lastKnownFileType = sourcecode.c.objc; path = AFXMLRPCClient.m; sourceTree = "<group>"; };
/* End PBXFileReference section */

/* Begin PBXFrameworksBuildPhase section */
		E13525B5149A9100000B4FD3 /* Frameworks */ = {
			isa = PBXFrameworksBuildPhase;
			buildActionMask = 2147483647;
			files = (
				E13525BC149A9100000B4FD3 /* Foundation.framework in Frameworks */,
			);
			runOnlyForDeploymentPostprocessing = 0;
		};
/* End PBXFrameworksBuildPhase section */

/* Begin PBXGroup section */
		E13525AD149A9100000B4FD3 = {
			isa = PBXGroup;
			children = (
				E13525D2149A9296000B4FD3 /* AFNetworking */,
				E1352602149A92C2000B4FD3 /* XMLRPC */,
				E13525BD149A9100000B4FD3 /* WordPressApi */,
				E13525BE149A9100000B4FD3 /* Supporting Files */,
				E13525BA149A9100000B4FD3 /* Frameworks */,
				E13525B9149A9100000B4FD3 /* Products */,
			);
			sourceTree = "<group>";
		};
		E13525B9149A9100000B4FD3 /* Products */ = {
			isa = PBXGroup;
			children = (
				E13525B8149A9100000B4FD3 /* libWordPressApi.a */,
			);
			name = Products;
			sourceTree = "<group>";
		};
		E13525BA149A9100000B4FD3 /* Frameworks */ = {
			isa = PBXGroup;
			children = (
				E13525BB149A9100000B4FD3 /* Foundation.framework */,
			);
			name = Frameworks;
			sourceTree = "<group>";
		};
		E13525BD149A9100000B4FD3 /* WordPressApi */ = {
			isa = PBXGroup;
			children = (
				E1F753B214A0803D00DB35A3 /* AFXMLRPCClient.h */,
				E1F753B314A0803D00DB35A3 /* AFXMLRPCClient.m */,
				E13525C0149A9100000B4FD3 /* WordPressApi.h */,
				E13525C1149A9100000B4FD3 /* WordPressApi.m */,
			);
			path = WordPressApi;
			sourceTree = "<group>";
		};
		E13525BE149A9100000B4FD3 /* Supporting Files */ = {
			isa = PBXGroup;
			children = (
				E13525BF149A9100000B4FD3 /* WordPressApi-Prefix.pch */,
			);
			name = "Supporting Files";
			path = WordPressApi;
			sourceTree = "<group>";
		};
		E13525D2149A9296000B4FD3 /* AFNetworking */ = {
			isa = PBXGroup;
			children = (
				E13525D3149A9296000B4FD3 /* AFHTTPClient.h */,
				E13525D4149A9296000B4FD3 /* AFHTTPClient.m */,
				E13525D5149A9296000B4FD3 /* AFHTTPRequestOperation.h */,
				E13525D6149A9296000B4FD3 /* AFHTTPRequestOperation.m */,
				E13525D7149A9296000B4FD3 /* AFImageCache.h */,
				E13525D8149A9296000B4FD3 /* AFImageCache.m */,
				E13525D9149A9296000B4FD3 /* AFImageRequestOperation.h */,
				E13525DA149A9296000B4FD3 /* AFImageRequestOperation.m */,
				E13525DB149A9296000B4FD3 /* AFJSONRequestOperation.h */,
				E13525DC149A9296000B4FD3 /* AFJSONRequestOperation.m */,
				E13525DD149A9296000B4FD3 /* AFJSONUtilities.h */,
				E13525DE149A9296000B4FD3 /* AFNetworkActivityIndicatorManager.h */,
				E13525DF149A9296000B4FD3 /* AFNetworkActivityIndicatorManager.m */,
				E13525E0149A9296000B4FD3 /* AFNetworking.h */,
				E13525E1149A9296000B4FD3 /* AFPropertyListRequestOperation.h */,
				E13525E2149A9296000B4FD3 /* AFPropertyListRequestOperation.m */,
				E13525E3149A9296000B4FD3 /* AFURLConnectionOperation.h */,
				E13525E4149A9296000B4FD3 /* AFURLConnectionOperation.m */,
				E13525E5149A9296000B4FD3 /* AFXMLRequestOperation.h */,
				E13525E6149A9296000B4FD3 /* AFXMLRequestOperation.m */,
				E13525E7149A9296000B4FD3 /* UIImageView+AFNetworking.h */,
				E13525E8149A9296000B4FD3 /* UIImageView+AFNetworking.m */,
			);
			name = AFNetworking;
			path = ../AFNetworking/AFNetworking;
			sourceTree = "<group>";
		};
		E1352602149A92C2000B4FD3 /* XMLRPC */ = {
			isa = PBXGroup;
			children = (
				E1352603149A92C2000B4FD3 /* Additions */,
				E1352604149A92C2000B4FD3 /* Delegates */,
				E1352605149A92C2000B4FD3 /* XMLRPC.h */,
				E1352606149A92C2000B4FD3 /* XMLRPCConnection.h */,
				E1352607149A92C2000B4FD3 /* XMLRPCConnection.m */,
				E1352608149A92C2000B4FD3 /* XMLRPCConnectionManager.h */,
				E1352609149A92C2000B4FD3 /* XMLRPCConnectionManager.m */,
				E135260A149A92C2000B4FD3 /* XMLRPCEncoder.h */,
				E135260B149A92C2000B4FD3 /* XMLRPCEncoder.m */,
				E135260C149A92C2000B4FD3 /* XMLRPCEventBasedParser.h */,
				E135260D149A92C2000B4FD3 /* XMLRPCEventBasedParser.m */,
				E135260E149A92C2000B4FD3 /* XMLRPCEventBasedParserDelegate.h */,
				E135260F149A92C2000B4FD3 /* XMLRPCEventBasedParserDelegate.m */,
				E1352610149A92C2000B4FD3 /* XMLRPCRequest.h */,
				E1352611149A92C2000B4FD3 /* XMLRPCRequest.m */,
				E1352612149A92C2000B4FD3 /* XMLRPCResponse.h */,
				E1352613149A92C2000B4FD3 /* XMLRPCResponse.m */,
			);
			name = XMLRPC;
			path = ../xmlrpc;
			sourceTree = "<group>";
		};
		E1352603149A92C2000B4FD3 /* Additions */ = {
			isa = PBXGroup;
			children = (
				E1352614149A92C2000B4FD3 /* NSDataAdditions.h */,
				E1352615149A92C2000B4FD3 /* NSDataAdditions.m */,
				E1352616149A92C2000B4FD3 /* NSStringAdditions.h */,
				E1352617149A92C2000B4FD3 /* NSStringAdditions.m */,
			);
			name = Additions;
			sourceTree = "<group>";
		};
		E1352604149A92C2000B4FD3 /* Delegates */ = {
			isa = PBXGroup;
			children = (
				E1352618149A92C2000B4FD3 /* XMLRPCConnectionDelegate.h */,
			);
			name = Delegates;
			sourceTree = "<group>";
		};
/* End PBXGroup section */

/* Begin PBXHeadersBuildPhase section */
		E13525B6149A9100000B4FD3 /* Headers */ = {
			isa = PBXHeadersBuildPhase;
			buildActionMask = 2147483647;
			files = (
				E13525E9149A9296000B4FD3 /* AFHTTPClient.h in Headers */,
				E13525EB149A9296000B4FD3 /* AFHTTPRequestOperation.h in Headers */,
				E13525ED149A9296000B4FD3 /* AFImageCache.h in Headers */,
				E13525EF149A9296000B4FD3 /* AFImageRequestOperation.h in Headers */,
				E13525F1149A9296000B4FD3 /* AFJSONRequestOperation.h in Headers */,
				E13525F3149A9296000B4FD3 /* AFJSONUtilities.h in Headers */,
				E13525F4149A9296000B4FD3 /* AFNetworkActivityIndicatorManager.h in Headers */,
				E13525F6149A9296000B4FD3 /* AFNetworking.h in Headers */,
				E13525F7149A9296000B4FD3 /* AFPropertyListRequestOperation.h in Headers */,
				E13525F9149A9296000B4FD3 /* AFURLConnectionOperation.h in Headers */,
				E13525FB149A9296000B4FD3 /* AFXMLRequestOperation.h in Headers */,
				E13525FD149A9296000B4FD3 /* UIImageView+AFNetworking.h in Headers */,
				E1352619149A92C2000B4FD3 /* NSDataAdditions.h in Headers */,
				E135261B149A92C2000B4FD3 /* NSStringAdditions.h in Headers */,
				E135261D149A92C2000B4FD3 /* XMLRPCConnectionDelegate.h in Headers */,
				E135261E149A92C2000B4FD3 /* XMLRPC.h in Headers */,
				E135261F149A92C2000B4FD3 /* XMLRPCConnection.h in Headers */,
				E1352621149A92C2000B4FD3 /* XMLRPCConnectionManager.h in Headers */,
				E1352623149A92C2000B4FD3 /* XMLRPCEncoder.h in Headers */,
				E1352625149A92C2000B4FD3 /* XMLRPCEventBasedParser.h in Headers */,
				E1352627149A92C2000B4FD3 /* XMLRPCEventBasedParserDelegate.h in Headers */,
				E1352629149A92C2000B4FD3 /* XMLRPCRequest.h in Headers */,
				E135262B149A92C2000B4FD3 /* XMLRPCResponse.h in Headers */,
				E1F753B414A0803D00DB35A3 /* AFXMLRPCClient.h in Headers */,
			);
			runOnlyForDeploymentPostprocessing = 0;
		};
/* End PBXHeadersBuildPhase section */

/* Begin PBXNativeTarget section */
		E13525B7149A9100000B4FD3 /* WordPressApi */ = {
			isa = PBXNativeTarget;
			buildConfigurationList = E13525C5149A9100000B4FD3 /* Build configuration list for PBXNativeTarget "WordPressApi" */;
			buildPhases = (
				E13525B4149A9100000B4FD3 /* Sources */,
				E13525B5149A9100000B4FD3 /* Frameworks */,
				E13525B6149A9100000B4FD3 /* Headers */,
			);
			buildRules = (
			);
			dependencies = (
			);
			name = WordPressApi;
			productName = WordPressApi;
			productReference = E13525B8149A9100000B4FD3 /* libWordPressApi.a */;
			productType = "com.apple.product-type.library.static";
		};
/* End PBXNativeTarget section */

/* Begin PBXProject section */
		E13525AF149A9100000B4FD3 /* Project object */ = {
			isa = PBXProject;
			attributes = {
				LastUpgradeCheck = 0420;
				ORGANIZATIONNAME = Automattic;
			};
			buildConfigurationList = E13525B2149A9100000B4FD3 /* Build configuration list for PBXProject "WordPressApi" */;
			compatibilityVersion = "Xcode 3.2";
			developmentRegion = English;
			hasScannedForEncodings = 0;
			knownRegions = (
				en,
			);
			mainGroup = E13525AD149A9100000B4FD3;
			productRefGroup = E13525B9149A9100000B4FD3 /* Products */;
			projectDirPath = "";
			projectRoot = "";
			targets = (
				E13525B7149A9100000B4FD3 /* WordPressApi */,
			);
		};
/* End PBXProject section */

/* Begin PBXSourcesBuildPhase section */
		E13525B4149A9100000B4FD3 /* Sources */ = {
			isa = PBXSourcesBuildPhase;
			buildActionMask = 2147483647;
			files = (
				E13525C2149A9100000B4FD3 /* WordPressApi.m in Sources */,
				E13525EA149A9296000B4FD3 /* AFHTTPClient.m in Sources */,
				E13525EC149A9296000B4FD3 /* AFHTTPRequestOperation.m in Sources */,
				E13525EE149A9296000B4FD3 /* AFImageCache.m in Sources */,
				E13525F0149A9296000B4FD3 /* AFImageRequestOperation.m in Sources */,
				E13525F2149A9296000B4FD3 /* AFJSONRequestOperation.m in Sources */,
				E13525F5149A9296000B4FD3 /* AFNetworkActivityIndicatorManager.m in Sources */,
				E13525F8149A9296000B4FD3 /* AFPropertyListRequestOperation.m in Sources */,
				E13525FA149A9296000B4FD3 /* AFURLConnectionOperation.m in Sources */,
				E13525FC149A9296000B4FD3 /* AFXMLRequestOperation.m in Sources */,
				E13525FE149A9296000B4FD3 /* UIImageView+AFNetworking.m in Sources */,
				E135261A149A92C2000B4FD3 /* NSDataAdditions.m in Sources */,
				E135261C149A92C2000B4FD3 /* NSStringAdditions.m in Sources */,
				E1352620149A92C2000B4FD3 /* XMLRPCConnection.m in Sources */,
				E1352622149A92C2000B4FD3 /* XMLRPCConnectionManager.m in Sources */,
				E1352624149A92C2000B4FD3 /* XMLRPCEncoder.m in Sources */,
				E1352626149A92C2000B4FD3 /* XMLRPCEventBasedParser.m in Sources */,
				E1352628149A92C2000B4FD3 /* XMLRPCEventBasedParserDelegate.m in Sources */,
				E135262A149A92C2000B4FD3 /* XMLRPCRequest.m in Sources */,
				E135262C149A92C2000B4FD3 /* XMLRPCResponse.m in Sources */,
				E1F753B514A0803D00DB35A3 /* AFXMLRPCClient.m in Sources */,
			);
			runOnlyForDeploymentPostprocessing = 0;
		};
/* End PBXSourcesBuildPhase section */

/* Begin XCBuildConfiguration section */
		E13525C3149A9100000B4FD3 /* Debug */ = {
			isa = XCBuildConfiguration;
			buildSettings = {
				ALWAYS_SEARCH_USER_PATHS = NO;
				ARCHS = "$(ARCHS_STANDARD_32_BIT)";
				COPY_PHASE_STRIP = NO;
				GCC_C_LANGUAGE_STANDARD = gnu99;
				GCC_DYNAMIC_NO_PIC = NO;
				GCC_OPTIMIZATION_LEVEL = 0;
				GCC_PREPROCESSOR_DEFINITIONS = (
					"DEBUG=1",
					"$(inherited)",
				);
				GCC_SYMBOLS_PRIVATE_EXTERN = NO;
				GCC_VERSION = com.apple.compilers.llvm.clang.1_0;
				GCC_WARN_ABOUT_MISSING_PROTOTYPES = YES;
				GCC_WARN_ABOUT_RETURN_TYPE = YES;
				GCC_WARN_UNUSED_VARIABLE = YES;
				IPHONEOS_DEPLOYMENT_TARGET = 5.0;
				SDKROOT = iphoneos;
			};
			name = Debug;
		};
		E13525C4149A9100000B4FD3 /* Release */ = {
			isa = XCBuildConfiguration;
			buildSettings = {
				ALWAYS_SEARCH_USER_PATHS = NO;
				ARCHS = "$(ARCHS_STANDARD_32_BIT)";
				COPY_PHASE_STRIP = YES;
				GCC_C_LANGUAGE_STANDARD = gnu99;
				GCC_VERSION = com.apple.compilers.llvm.clang.1_0;
				GCC_WARN_ABOUT_MISSING_PROTOTYPES = YES;
				GCC_WARN_ABOUT_RETURN_TYPE = YES;
				GCC_WARN_UNUSED_VARIABLE = YES;
				IPHONEOS_DEPLOYMENT_TARGET = 5.0;
				SDKROOT = iphoneos;
				VALIDATE_PRODUCT = YES;
			};
			name = Release;
		};
		E13525C6149A9100000B4FD3 /* Debug */ = {
			isa = XCBuildConfiguration;
			buildSettings = {
				DSTROOT = /tmp/WordPressApi.dst;
				GCC_PRECOMPILE_PREFIX_HEADER = YES;
				GCC_PREFIX_HEADER = "WordPressApi/WordPressApi-Prefix.pch";
				OTHER_LDFLAGS = "-ObjC";
				PRODUCT_NAME = "$(TARGET_NAME)";
				SKIP_INSTALL = YES;
			};
			name = Debug;
		};
		E13525C7149A9100000B4FD3 /* Release */ = {
			isa = XCBuildConfiguration;
			buildSettings = {
				DSTROOT = /tmp/WordPressApi.dst;
				GCC_PRECOMPILE_PREFIX_HEADER = YES;
				GCC_PREFIX_HEADER = "WordPressApi/WordPressApi-Prefix.pch";
				OTHER_LDFLAGS = "-ObjC";
				PRODUCT_NAME = "$(TARGET_NAME)";
				SKIP_INSTALL = YES;
			};
			name = Release;
		};
/* End XCBuildConfiguration section */

/* Begin XCConfigurationList section */
		E13525B2149A9100000B4FD3 /* Build configuration list for PBXProject "WordPressApi" */ = {
			isa = XCConfigurationList;
			buildConfigurations = (
				E13525C3149A9100000B4FD3 /* Debug */,
				E13525C4149A9100000B4FD3 /* Release */,
			);
			defaultConfigurationIsVisible = 0;
			defaultConfigurationName = Release;
		};
		E13525C5149A9100000B4FD3 /* Build configuration list for PBXNativeTarget "WordPressApi" */ = {
			isa = XCConfigurationList;
			buildConfigurations = (
				E13525C6149A9100000B4FD3 /* Debug */,
				E13525C7149A9100000B4FD3 /* Release */,
			);
			defaultConfigurationIsVisible = 0;
			defaultConfigurationName = Release;
		};
/* End XCConfigurationList section */
	};
	rootObject = E13525AF149A9100000B4FD3 /* Project object */;
}
