<?xml version="1.0" encoding="UTF-8"?>
<!DOCTYPE plist PUBLIC "-//Apple//DTD PLIST 1.0//EN" "http://www.apple.com/DTDs/PropertyList-1.0.dtd">
<plist version="1.0">
<dict>
	<key>archiveVersion</key>
	<string>1</string>
	<key>classes</key>
	<dict/>
	<key>objectVersion</key>
	<string>46</string>
	<key>objects</key>
	<dict>
		<key>1EAF772EDD7B693CFE231044</key>
		<dict>
			<key>includeInIndex</key>
			<string>1</string>
			<key>isa</key>
			<string>PBXFileReference</string>
			<key>lastKnownFileType</key>
			<string>text.xcconfig</string>
			<key>name</key>
			<string>Pods-WordPressApiExample-Tests.release.xcconfig</string>
			<key>path</key>
			<string>Pods/Target Support Files/Pods-WordPressApiExample-Tests/Pods-WordPressApiExample-Tests.release.xcconfig</string>
			<key>sourceTree</key>
			<string>&lt;group&gt;</string>
		</dict>
		<key>20187061460464CD3D37B38E</key>
		<dict>
			<key>children</key>
			<array>
				<string>BD789C5C70A3E0AF29241DC4</string>
				<string>49DD6DA74387F61257C8999B</string>
				<string>F2D3A684DFD1DA608ED90F97</string>
				<string>1EAF772EDD7B693CFE231044</string>
			</array>
			<key>isa</key>
			<string>PBXGroup</string>
			<key>name</key>
			<string>Pods</string>
			<key>sourceTree</key>
			<string>&lt;group&gt;</string>
		</dict>
		<key>2CB7C0FF138D9A7F8A0D6F5F</key>
		<dict>
			<key>buildActionMask</key>
			<string>2147483647</string>
			<key>files</key>
			<array/>
			<key>inputPaths</key>
			<array/>
			<key>isa</key>
			<string>PBXShellScriptBuildPhase</string>
			<key>name</key>
			<string>&#128230; Check Pods Manifest.lock</string>
			<key>outputPaths</key>
			<array/>
			<key>runOnlyForDeploymentPostprocessing</key>
			<string>0</string>
			<key>shellPath</key>
			<string>/bin/sh</string>
			<key>shellScript</key>
			<string>diff "${PODS_ROOT}/../Podfile.lock" "${PODS_ROOT}/Manifest.lock" &gt; /dev/null
if [[ $? != 0 ]] ; then
    cat &lt;&lt; EOM
error: The sandbox is not in sync with the Podfile.lock. Run 'pod install' or update your CocoaPods installation.
EOM
    exit 1
fi
</string>
			<key>showEnvVarsInLog</key>
			<string>0</string>
		</dict>
		<key>3E8297F4CED8653231A57A75</key>
		<dict>
			<key>explicitFileType</key>
			<string>archive.ar</string>
			<key>includeInIndex</key>
			<string>0</string>
			<key>isa</key>
			<string>PBXFileReference</string>
			<key>path</key>
			<string>libPods-WordPressApiExample-Tests.a</string>
			<key>sourceTree</key>
			<string>BUILT_PRODUCTS_DIR</string>
		</dict>
		<key>49DD6DA74387F61257C8999B</key>
		<dict>
			<key>includeInIndex</key>
			<string>1</string>
			<key>isa</key>
			<string>PBXFileReference</string>
			<key>lastKnownFileType</key>
			<string>text.xcconfig</string>
			<key>name</key>
			<string>Pods-WordPressApiExample.release.xcconfig</string>
			<key>path</key>
			<string>Pods/Target Support Files/Pods-WordPressApiExample/Pods-WordPressApiExample.release.xcconfig</string>
			<key>sourceTree</key>
			<string>&lt;group&gt;</string>
		</dict>
		<key>5B73CF0F56F624DC629A4FF5</key>
		<dict>
			<key>buildActionMask</key>
			<string>2147483647</string>
			<key>files</key>
			<array/>
			<key>inputPaths</key>
			<array/>
			<key>isa</key>
			<string>PBXShellScriptBuildPhase</string>
			<key>name</key>
			<string>&#128230; Copy Pods Resources</string>
			<key>outputPaths</key>
			<array/>
			<key>runOnlyForDeploymentPostprocessing</key>
			<string>0</string>
			<key>shellPath</key>
			<string>/bin/sh</string>
			<key>shellScript</key>
			<string>"${SRCROOT}/Pods/Target Support Files/Pods-WordPressApiExample-Tests/Pods-WordPressApiExample-Tests-resources.sh"
</string>
			<key>showEnvVarsInLog</key>
			<string>0</string>
		</dict>
		<key>63A4427DBAAA795C8A516555</key>
		<dict>
			<key>buildActionMask</key>
			<string>2147483647</string>
			<key>files</key>
			<array/>
			<key>inputPaths</key>
			<array/>
			<key>isa</key>
			<string>PBXShellScriptBuildPhase</string>
			<key>name</key>
			<string>Embed Pods Frameworks</string>
			<key>outputPaths</key>
			<array/>
			<key>runOnlyForDeploymentPostprocessing</key>
			<string>0</string>
			<key>shellPath</key>
			<string>/bin/sh</string>
			<key>shellScript</key>
			<string>"${SRCROOT}/Pods/Target Support Files/Pods-WordPressApiExample-Tests/Pods-WordPressApiExample-Tests-frameworks.sh"
</string>
			<key>showEnvVarsInLog</key>
			<string>0</string>
		</dict>
		<key>74CCB7F21C95243200615812</key>
		<dict>
			<key>fileEncoding</key>
			<string>4</string>
			<key>isa</key>
			<string>PBXFileReference</string>
			<key>lastKnownFileType</key>
			<string>sourcecode.c.objc</string>
			<key>path</key>
			<string>WordPressApiTests.m</string>
			<key>sourceTree</key>
			<string>&lt;group&gt;</string>
		</dict>
		<key>74CCB7F31C95243200615812</key>
		<dict>
			<key>fileRef</key>
			<string>74CCB7F21C95243200615812</string>
			<key>isa</key>
			<string>PBXBuildFile</string>
		</dict>
		<key>7E53B07B9A92035996E3C2B7</key>
		<dict>
			<key>fileRef</key>
			<string>3E8297F4CED8653231A57A75</string>
			<key>isa</key>
			<string>PBXBuildFile</string>
		</dict>
		<key>9AF48FEE6E252E9C745A459D</key>
		<dict>
			<key>buildActionMask</key>
			<string>2147483647</string>
			<key>files</key>
			<array/>
			<key>inputPaths</key>
			<array/>
			<key>isa</key>
			<string>PBXShellScriptBuildPhase</string>
			<key>name</key>
			<string>&#128230; Embed Pods Frameworks</string>
			<key>outputPaths</key>
			<array/>
			<key>runOnlyForDeploymentPostprocessing</key>
			<string>0</string>
			<key>shellPath</key>
			<string>/bin/sh</string>
			<key>shellScript</key>
			<string>"${SRCROOT}/Pods/Target Support Files/Pods-WordPressApiExample-Tests/Pods-WordPressApiExample-Tests-frameworks.sh"
</string>
			<key>showEnvVarsInLog</key>
			<string>0</string>
		</dict>
		<key>9CE7258D017594638D59F4FD</key>
		<dict>
			<key>explicitFileType</key>
			<string>archive.ar</string>
			<key>includeInIndex</key>
			<string>0</string>
			<key>isa</key>
			<string>PBXFileReference</string>
			<key>path</key>
			<string>libPods-WordPressApiExample.a</string>
			<key>sourceTree</key>
			<string>BUILT_PRODUCTS_DIR</string>
		</dict>
		<key>A185EFF806262B0722DC27EF</key>
		<dict>
			<key>buildActionMask</key>
			<string>2147483647</string>
			<key>files</key>
			<array/>
			<key>inputPaths</key>
			<array/>
			<key>isa</key>
			<string>PBXShellScriptBuildPhase</string>
			<key>name</key>
			<string>&#128230; Check Pods Manifest.lock</string>
			<key>outputPaths</key>
			<array/>
			<key>runOnlyForDeploymentPostprocessing</key>
			<string>0</string>
			<key>shellPath</key>
			<string>/bin/sh</string>
			<key>shellScript</key>
			<string>diff "${PODS_ROOT}/../Podfile.lock" "${PODS_ROOT}/Manifest.lock" &gt; /dev/null
if [[ $? != 0 ]] ; then
    cat &lt;&lt; EOM
error: The sandbox is not in sync with the Podfile.lock. Run 'pod install' or update your CocoaPods installation.
EOM
    exit 1
fi
</string>
			<key>showEnvVarsInLog</key>
			<string>0</string>
		</dict>
		<key>BD789C5C70A3E0AF29241DC4</key>
		<dict>
			<key>includeInIndex</key>
			<string>1</string>
			<key>isa</key>
			<string>PBXFileReference</string>
			<key>lastKnownFileType</key>
			<string>text.xcconfig</string>
			<key>name</key>
			<string>Pods-WordPressApiExample.debug.xcconfig</string>
			<key>path</key>
			<string>Pods/Target Support Files/Pods-WordPressApiExample/Pods-WordPressApiExample.debug.xcconfig</string>
			<key>sourceTree</key>
			<string>&lt;group&gt;</string>
		</dict>
		<key>BF834EBABF5F4D08C696C9B8</key>
		<dict>
			<key>buildActionMask</key>
			<string>2147483647</string>
			<key>files</key>
			<array/>
			<key>inputPaths</key>
			<array/>
			<key>isa</key>
			<string>PBXShellScriptBuildPhase</string>
			<key>name</key>
			<string>&#128230; Copy Pods Resources</string>
			<key>outputPaths</key>
			<array/>
			<key>runOnlyForDeploymentPostprocessing</key>
			<string>0</string>
			<key>shellPath</key>
			<string>/bin/sh</string>
			<key>shellScript</key>
			<string>"${SRCROOT}/Pods/Target Support Files/Pods-WordPressApiExample/Pods-WordPressApiExample-resources.sh"
</string>
			<key>showEnvVarsInLog</key>
			<string>0</string>
		</dict>
		<key>D19344F9CAB507E40C0BF321</key>
		<dict>
			<key>buildActionMask</key>
			<string>2147483647</string>
			<key>files</key>
			<array/>
			<key>inputPaths</key>
			<array/>
			<key>isa</key>
			<string>PBXShellScriptBuildPhase</string>
			<key>name</key>
			<string>&#128230; Embed Pods Frameworks</string>
			<key>outputPaths</key>
			<array/>
			<key>runOnlyForDeploymentPostprocessing</key>
			<string>0</string>
			<key>shellPath</key>
			<string>/bin/sh</string>
			<key>shellScript</key>
			<string>"${SRCROOT}/Pods/Target Support Files/Pods-WordPressApiExample/Pods-WordPressApiExample-frameworks.sh"
</string>
			<key>showEnvVarsInLog</key>
			<string>0</string>
		</dict>
		<key>E03B7F147FD74D855821CC8B</key>
		<dict>
			<key>buildActionMask</key>
			<string>2147483647</string>
			<key>files</key>
			<array/>
			<key>inputPaths</key>
			<array/>
			<key>isa</key>
			<string>PBXShellScriptBuildPhase</string>
			<key>name</key>
			<string>Embed Pods Frameworks</string>
			<key>outputPaths</key>
			<array/>
			<key>runOnlyForDeploymentPostprocessing</key>
			<string>0</string>
			<key>shellPath</key>
			<string>/bin/sh</string>
			<key>shellScript</key>
			<string>"${SRCROOT}/Pods/Target Support Files/Pods-WordPressApiExample/Pods-WordPressApiExample-frameworks.sh"
</string>
			<key>showEnvVarsInLog</key>
			<string>0</string>
		</dict>
		<key>E15CEBB014C59B3500CFDBB7</key>
		<dict>
			<key>isa</key>
			<string>PBXFileReference</string>
			<key>lastKnownFileType</key>
			<string>compiled.mach-o.dylib</string>
			<key>name</key>
			<string>libiconv.dylib</string>
			<key>path</key>
			<string>usr/lib/libiconv.dylib</string>
			<key>sourceTree</key>
			<string>SDKROOT</string>
		</dict>
		<key>E15CEBB114C59B3500CFDBB7</key>
		<dict>
			<key>fileRef</key>
			<string>E15CEBB014C59B3500CFDBB7</string>
			<key>isa</key>
			<string>PBXBuildFile</string>
		</dict>
		<key>E15CEC1814C5C39000CFDBB7</key>
		<dict>
			<key>fileEncoding</key>
			<string>4</string>
			<key>isa</key>
			<string>PBXFileReference</string>
			<key>lastKnownFileType</key>
			<string>sourcecode.c.h</string>
			<key>path</key>
			<string>LoginViewController.h</string>
			<key>sourceTree</key>
			<string>&lt;group&gt;</string>
		</dict>
		<key>E15CEC1914C5C39000CFDBB7</key>
		<dict>
			<key>fileEncoding</key>
			<string>4</string>
			<key>isa</key>
			<string>PBXFileReference</string>
			<key>lastKnownFileType</key>
			<string>sourcecode.c.objc</string>
			<key>path</key>
			<string>LoginViewController.m</string>
			<key>sourceTree</key>
			<string>&lt;group&gt;</string>
		</dict>
		<key>E15CEC1B14C5C39000CFDBB7</key>
		<dict>
			<key>fileRef</key>
			<string>E15CEC1914C5C39000CFDBB7</string>
			<key>isa</key>
			<string>PBXBuildFile</string>
		</dict>
		<key>E15CEC2914C5E05800CFDBB7</key>
		<dict>
			<key>fileEncoding</key>
			<string>4</string>
			<key>isa</key>
			<string>PBXFileReference</string>
			<key>lastKnownFileType</key>
			<string>sourcecode.c.h</string>
			<key>path</key>
			<string>ComposeViewController.h</string>
			<key>sourceTree</key>
			<string>&lt;group&gt;</string>
		</dict>
		<key>E15CEC2A14C5E05800CFDBB7</key>
		<dict>
			<key>fileEncoding</key>
			<string>4</string>
			<key>isa</key>
			<string>PBXFileReference</string>
			<key>lastKnownFileType</key>
			<string>sourcecode.c.objc</string>
			<key>path</key>
			<string>ComposeViewController.m</string>
			<key>sourceTree</key>
			<string>&lt;group&gt;</string>
		</dict>
		<key>E15CEC2B14C5E05900CFDBB7</key>
		<dict>
			<key>fileRef</key>
			<string>E15CEC2A14C5E05800CFDBB7</string>
			<key>isa</key>
			<string>PBXBuildFile</string>
		</dict>
		<key>E1C49D5D16D4E7E5007C541A</key>
		<dict>
			<key>isa</key>
			<string>PBXFileReference</string>
			<key>lastKnownFileType</key>
			<string>wrapper.framework</string>
			<key>name</key>
			<string>Security.framework</string>
			<key>path</key>
			<string>System/Library/Frameworks/Security.framework</string>
			<key>sourceTree</key>
			<string>SDKROOT</string>
		</dict>
		<key>E1C49D5E16D4E7E5007C541A</key>
		<dict>
			<key>fileRef</key>
			<string>E1C49D5D16D4E7E5007C541A</string>
			<key>isa</key>
			<string>PBXBuildFile</string>
		</dict>
		<key>E1F753C814A094F400DB35A3</key>
		<dict>
			<key>children</key>
			<array>
				<string>FFA065AA1C8D87ED00923B29</string>
				<string>E1F753DD14A094F400DB35A3</string>
				<string>FFA0659B1C89D73300923B29</string>
				<string>E1F753D614A094F400DB35A3</string>
				<string>E1F753D414A094F400DB35A3</string>
				<string>20187061460464CD3D37B38E</string>
			</array>
			<key>isa</key>
			<string>PBXGroup</string>
			<key>sourceTree</key>
			<string>&lt;group&gt;</string>
		</dict>
		<key>E1F753CA14A094F400DB35A3</key>
		<dict>
			<key>attributes</key>
			<dict>
				<key>LastUpgradeCheck</key>
				<string>0730</string>
				<key>ORGANIZATIONNAME</key>
				<string>Automattic</string>
				<key>TargetAttributes</key>
				<dict>
					<key>FFA065991C89D73300923B29</key>
					<dict>
						<key>CreatedOnToolsVersion</key>
						<string>7.2</string>
					</dict>
				</dict>
			</dict>
			<key>buildConfigurationList</key>
			<string>E1F753CD14A094F400DB35A3</string>
			<key>compatibilityVersion</key>
			<string>Xcode 3.2</string>
			<key>developmentRegion</key>
			<string>English</string>
			<key>hasScannedForEncodings</key>
			<string>0</string>
			<key>isa</key>
			<string>PBXProject</string>
			<key>knownRegions</key>
			<array>
				<string>en</string>
			</array>
			<key>mainGroup</key>
			<string>E1F753C814A094F400DB35A3</string>
			<key>productRefGroup</key>
			<string>E1F753D414A094F400DB35A3</string>
			<key>projectDirPath</key>
			<string></string>
			<key>projectReferences</key>
			<array/>
			<key>projectRoot</key>
			<string></string>
			<key>targets</key>
			<array>
				<string>E1F753D214A094F400DB35A3</string>
				<string>FFA065991C89D73300923B29</string>
			</array>
		</dict>
		<key>E1F753CD14A094F400DB35A3</key>
		<dict>
			<key>buildConfigurations</key>
			<array>
				<string>E1F753F214A094F400DB35A3</string>
				<string>E1F753F314A094F400DB35A3</string>
			</array>
			<key>defaultConfigurationIsVisible</key>
			<string>0</string>
			<key>defaultConfigurationName</key>
			<string>Release</string>
			<key>isa</key>
			<string>XCConfigurationList</string>
		</dict>
		<key>E1F753CF14A094F400DB35A3</key>
		<dict>
			<key>buildActionMask</key>
			<string>2147483647</string>
			<key>files</key>
			<array>
				<string>E1F753E414A094F400DB35A3</string>
				<string>E1F753E814A094F400DB35A3</string>
				<string>E1F753EE14A094F400DB35A3</string>
				<string>E1F753F114A094F400DB35A3</string>
				<string>E15CEC1B14C5C39000CFDBB7</string>
				<string>E15CEC2B14C5E05900CFDBB7</string>
			</array>
			<key>isa</key>
			<string>PBXSourcesBuildPhase</string>
			<key>runOnlyForDeploymentPostprocessing</key>
			<string>0</string>
		</dict>
		<key>E1F753D014A094F400DB35A3</key>
		<dict>
			<key>buildActionMask</key>
			<string>2147483647</string>
			<key>files</key>
			<array>
				<string>E1C49D5E16D4E7E5007C541A</string>
				<string>E15CEBB114C59B3500CFDBB7</string>
				<string>E1F753D814A094F400DB35A3</string>
				<string>E1F753DA14A094F400DB35A3</string>
				<string>E1F753DC14A094F400DB35A3</string>
				<string>FA45288C2FF3597503208CD4</string>
			</array>
			<key>isa</key>
			<string>PBXFrameworksBuildPhase</string>
			<key>runOnlyForDeploymentPostprocessing</key>
			<string>0</string>
		</dict>
		<key>E1F753D114A094F400DB35A3</key>
		<dict>
			<key>buildActionMask</key>
			<string>2147483647</string>
			<key>files</key>
			<array>
				<string>FFA065AE1C8D880300923B29</string>
				<string>E1F753E214A094F400DB35A3</string>
				<string>FFA065A91C89EF9E00923B29</string>
				<string>FFA065A61C89EEC300923B29</string>
				<string>E1F753EB14A094F400DB35A3</string>
			</array>
			<key>isa</key>
			<string>PBXResourcesBuildPhase</string>
			<key>runOnlyForDeploymentPostprocessing</key>
			<string>0</string>
		</dict>
		<key>E1F753D214A094F400DB35A3</key>
		<dict>
			<key>buildConfigurationList</key>
			<string>E1F753F414A094F400DB35A3</string>
			<key>buildPhases</key>
			<array>
				<string>A185EFF806262B0722DC27EF</string>
				<string>E1F753CF14A094F400DB35A3</string>
				<string>E1F753D014A094F400DB35A3</string>
				<string>E1F753D114A094F400DB35A3</string>
				<string>D19344F9CAB507E40C0BF321</string>
				<string>BF834EBABF5F4D08C696C9B8</string>
				<string>E03B7F147FD74D855821CC8B</string>
			</array>
			<key>buildRules</key>
			<array/>
			<key>dependencies</key>
			<array/>
			<key>isa</key>
			<string>PBXNativeTarget</string>
			<key>name</key>
			<string>WordPressApiExample</string>
			<key>productName</key>
			<string>WordPressApiExample</string>
			<key>productReference</key>
			<string>E1F753D314A094F400DB35A3</string>
			<key>productType</key>
			<string>com.apple.product-type.application</string>
		</dict>
		<key>E1F753D314A094F400DB35A3</key>
		<dict>
			<key>explicitFileType</key>
			<string>wrapper.application</string>
			<key>includeInIndex</key>
			<string>0</string>
			<key>isa</key>
			<string>PBXFileReference</string>
			<key>path</key>
			<string>WordPressApiExample.app</string>
			<key>sourceTree</key>
			<string>BUILT_PRODUCTS_DIR</string>
		</dict>
		<key>E1F753D414A094F400DB35A3</key>
		<dict>
			<key>children</key>
			<array>
				<string>E1F753D314A094F400DB35A3</string>
				<string>FFA0659A1C89D73300923B29</string>
			</array>
			<key>isa</key>
			<string>PBXGroup</string>
			<key>name</key>
			<string>Products</string>
			<key>sourceTree</key>
			<string>&lt;group&gt;</string>
		</dict>
		<key>E1F753D614A094F400DB35A3</key>
		<dict>
			<key>children</key>
			<array>
				<string>E1C49D5D16D4E7E5007C541A</string>
				<string>E15CEBB014C59B3500CFDBB7</string>
				<string>E1F753D714A094F400DB35A3</string>
				<string>E1F753D914A094F400DB35A3</string>
				<string>E1F753DB14A094F400DB35A3</string>
				<string>9CE7258D017594638D59F4FD</string>
				<string>3E8297F4CED8653231A57A75</string>
			</array>
			<key>isa</key>
			<string>PBXGroup</string>
			<key>name</key>
			<string>Frameworks</string>
			<key>sourceTree</key>
			<string>&lt;group&gt;</string>
		</dict>
		<key>E1F753D714A094F400DB35A3</key>
		<dict>
			<key>isa</key>
			<string>PBXFileReference</string>
			<key>lastKnownFileType</key>
			<string>wrapper.framework</string>
			<key>name</key>
			<string>UIKit.framework</string>
			<key>path</key>
			<string>System/Library/Frameworks/UIKit.framework</string>
			<key>sourceTree</key>
			<string>SDKROOT</string>
		</dict>
		<key>E1F753D814A094F400DB35A3</key>
		<dict>
			<key>fileRef</key>
			<string>E1F753D714A094F400DB35A3</string>
			<key>isa</key>
			<string>PBXBuildFile</string>
		</dict>
		<key>E1F753D914A094F400DB35A3</key>
		<dict>
			<key>isa</key>
			<string>PBXFileReference</string>
			<key>lastKnownFileType</key>
			<string>wrapper.framework</string>
			<key>name</key>
			<string>Foundation.framework</string>
			<key>path</key>
			<string>System/Library/Frameworks/Foundation.framework</string>
			<key>sourceTree</key>
			<string>SDKROOT</string>
		</dict>
		<key>E1F753DA14A094F400DB35A3</key>
		<dict>
			<key>fileRef</key>
			<string>E1F753D914A094F400DB35A3</string>
			<key>isa</key>
			<string>PBXBuildFile</string>
		</dict>
		<key>E1F753DB14A094F400DB35A3</key>
		<dict>
			<key>isa</key>
			<string>PBXFileReference</string>
			<key>lastKnownFileType</key>
			<string>wrapper.framework</string>
			<key>name</key>
			<string>CoreGraphics.framework</string>
			<key>path</key>
			<string>System/Library/Frameworks/CoreGraphics.framework</string>
			<key>sourceTree</key>
			<string>SDKROOT</string>
		</dict>
		<key>E1F753DC14A094F400DB35A3</key>
		<dict>
			<key>fileRef</key>
			<string>E1F753DB14A094F400DB35A3</string>
			<key>isa</key>
			<string>PBXBuildFile</string>
		</dict>
		<key>E1F753DD14A094F400DB35A3</key>
		<dict>
			<key>children</key>
			<array>
				<string>E1F753DE14A094F400DB35A3</string>
				<string>E1F753E614A094F400DB35A3</string>
				<string>E1F753E714A094F400DB35A3</string>
				<string>E1F753E914A094F400DB35A3</string>
				<string>E1F753EC14A094F400DB35A3</string>
				<string>E1F753ED14A094F400DB35A3</string>
				<string>E1F753EF14A094F400DB35A3</string>
				<string>E1F753F014A094F400DB35A3</string>
				<string>E15CEC1814C5C39000CFDBB7</string>
				<string>E15CEC1914C5C39000CFDBB7</string>
				<string>E15CEC2914C5E05800CFDBB7</string>
				<string>E15CEC2A14C5E05800CFDBB7</string>
				<string>FFA065A51C89EEC300923B29</string>
				<string>FFA065A71C89EF9E00923B29</string>
			</array>
			<key>isa</key>
			<string>PBXGroup</string>
			<key>path</key>
			<string>WordPressApiExample</string>
			<key>sourceTree</key>
			<string>&lt;group&gt;</string>
		</dict>
		<key>E1F753DE14A094F400DB35A3</key>
		<dict>
			<key>children</key>
			<array>
				<string>E1F753DF14A094F400DB35A3</string>
				<string>E1F753E014A094F400DB35A3</string>
				<string>E1F753E314A094F400DB35A3</string>
				<string>E1F753E514A094F400DB35A3</string>
			</array>
			<key>isa</key>
			<string>PBXGroup</string>
			<key>name</key>
			<string>Supporting Files</string>
			<key>sourceTree</key>
			<string>&lt;group&gt;</string>
		</dict>
		<key>E1F753DF14A094F400DB35A3</key>
		<dict>
			<key>isa</key>
			<string>PBXFileReference</string>
			<key>lastKnownFileType</key>
			<string>text.plist.xml</string>
			<key>path</key>
			<string>WordPressApiExample-Info.plist</string>
			<key>sourceTree</key>
			<string>&lt;group&gt;</string>
		</dict>
		<key>E1F753E014A094F400DB35A3</key>
		<dict>
			<key>children</key>
			<array>
				<string>E1F753E114A094F400DB35A3</string>
			</array>
			<key>isa</key>
			<string>PBXVariantGroup</string>
			<key>name</key>
			<string>InfoPlist.strings</string>
			<key>sourceTree</key>
			<string>&lt;group&gt;</string>
		</dict>
		<key>E1F753E114A094F400DB35A3</key>
		<dict>
			<key>isa</key>
			<string>PBXFileReference</string>
			<key>lastKnownFileType</key>
			<string>text.plist.strings</string>
			<key>name</key>
			<string>en</string>
			<key>path</key>
			<string>en.lproj/InfoPlist.strings</string>
			<key>sourceTree</key>
			<string>&lt;group&gt;</string>
		</dict>
		<key>E1F753E214A094F400DB35A3</key>
		<dict>
			<key>fileRef</key>
			<string>E1F753E014A094F400DB35A3</string>
			<key>isa</key>
			<string>PBXBuildFile</string>
		</dict>
		<key>E1F753E314A094F400DB35A3</key>
		<dict>
			<key>isa</key>
			<string>PBXFileReference</string>
			<key>lastKnownFileType</key>
			<string>sourcecode.c.objc</string>
			<key>path</key>
			<string>main.m</string>
			<key>sourceTree</key>
			<string>&lt;group&gt;</string>
		</dict>
		<key>E1F753E414A094F400DB35A3</key>
		<dict>
			<key>fileRef</key>
			<string>E1F753E314A094F400DB35A3</string>
			<key>isa</key>
			<string>PBXBuildFile</string>
		</dict>
		<key>E1F753E514A094F400DB35A3</key>
		<dict>
			<key>isa</key>
			<string>PBXFileReference</string>
			<key>lastKnownFileType</key>
			<string>sourcecode.c.h</string>
			<key>path</key>
			<string>WordPressApiExample-Prefix.pch</string>
			<key>sourceTree</key>
			<string>&lt;group&gt;</string>
		</dict>
		<key>E1F753E614A094F400DB35A3</key>
		<dict>
			<key>isa</key>
			<string>PBXFileReference</string>
			<key>lastKnownFileType</key>
			<string>sourcecode.c.h</string>
			<key>path</key>
			<string>AppDelegate.h</string>
			<key>sourceTree</key>
			<string>&lt;group&gt;</string>
		</dict>
		<key>E1F753E714A094F400DB35A3</key>
		<dict>
			<key>isa</key>
			<string>PBXFileReference</string>
			<key>lastKnownFileType</key>
			<string>sourcecode.c.objc</string>
			<key>path</key>
			<string>AppDelegate.m</string>
			<key>sourceTree</key>
			<string>&lt;group&gt;</string>
		</dict>
		<key>E1F753E814A094F400DB35A3</key>
		<dict>
			<key>fileRef</key>
			<string>E1F753E714A094F400DB35A3</string>
			<key>isa</key>
			<string>PBXBuildFile</string>
		</dict>
		<key>E1F753E914A094F400DB35A3</key>
		<dict>
			<key>children</key>
			<array>
				<string>E1F753EA14A094F400DB35A3</string>
			</array>
			<key>isa</key>
			<string>PBXVariantGroup</string>
			<key>name</key>
			<string>MainStoryboard.storyboard</string>
			<key>sourceTree</key>
			<string>&lt;group&gt;</string>
		</dict>
		<key>E1F753EA14A094F400DB35A3</key>
		<dict>
			<key>isa</key>
			<string>PBXFileReference</string>
			<key>lastKnownFileType</key>
			<string>file.storyboard</string>
			<key>name</key>
			<string>en</string>
			<key>path</key>
			<string>en.lproj/MainStoryboard.storyboard</string>
			<key>sourceTree</key>
			<string>&lt;group&gt;</string>
		</dict>
		<key>E1F753EB14A094F400DB35A3</key>
		<dict>
			<key>fileRef</key>
			<string>E1F753E914A094F400DB35A3</string>
			<key>isa</key>
			<string>PBXBuildFile</string>
		</dict>
		<key>E1F753EC14A094F400DB35A3</key>
		<dict>
			<key>isa</key>
			<string>PBXFileReference</string>
			<key>lastKnownFileType</key>
			<string>sourcecode.c.h</string>
			<key>path</key>
			<string>PostsViewController.h</string>
			<key>sourceTree</key>
			<string>&lt;group&gt;</string>
		</dict>
		<key>E1F753ED14A094F400DB35A3</key>
		<dict>
			<key>isa</key>
			<string>PBXFileReference</string>
			<key>lastKnownFileType</key>
			<string>sourcecode.c.objc</string>
			<key>path</key>
			<string>PostsViewController.m</string>
			<key>sourceTree</key>
			<string>&lt;group&gt;</string>
		</dict>
		<key>E1F753EE14A094F400DB35A3</key>
		<dict>
			<key>fileRef</key>
			<string>E1F753ED14A094F400DB35A3</string>
			<key>isa</key>
			<string>PBXBuildFile</string>
		</dict>
		<key>E1F753EF14A094F400DB35A3</key>
		<dict>
			<key>isa</key>
			<string>PBXFileReference</string>
			<key>lastKnownFileType</key>
			<string>sourcecode.c.h</string>
			<key>path</key>
			<string>PostViewController.h</string>
			<key>sourceTree</key>
			<string>&lt;group&gt;</string>
		</dict>
		<key>E1F753F014A094F400DB35A3</key>
		<dict>
			<key>isa</key>
			<string>PBXFileReference</string>
			<key>lastKnownFileType</key>
			<string>sourcecode.c.objc</string>
			<key>path</key>
			<string>PostViewController.m</string>
			<key>sourceTree</key>
			<string>&lt;group&gt;</string>
		</dict>
		<key>E1F753F114A094F400DB35A3</key>
		<dict>
			<key>fileRef</key>
			<string>E1F753F014A094F400DB35A3</string>
			<key>isa</key>
			<string>PBXBuildFile</string>
		</dict>
		<key>E1F753F214A094F400DB35A3</key>
		<dict>
			<key>buildSettings</key>
			<dict>
				<key>ALWAYS_SEARCH_USER_PATHS</key>
				<string>NO</string>
				<key>CLANG_WARN_BOOL_CONVERSION</key>
				<string>YES</string>
				<key>CLANG_WARN_CONSTANT_CONVERSION</key>
				<string>YES</string>
				<key>CLANG_WARN_EMPTY_BODY</key>
				<string>YES</string>
				<key>CLANG_WARN_ENUM_CONVERSION</key>
				<string>YES</string>
				<key>CLANG_WARN_INT_CONVERSION</key>
				<string>YES</string>
				<key>CLANG_WARN_UNREACHABLE_CODE</key>
				<string>YES</string>
				<key>CLANG_WARN__DUPLICATE_METHOD_MATCH</key>
				<string>YES</string>
				<key>CODE_SIGN_IDENTITY[sdk=iphoneos*]</key>
				<string>iPhone Developer</string>
				<key>COPY_PHASE_STRIP</key>
				<string>NO</string>
				<key>ENABLE_STRICT_OBJC_MSGSEND</key>
				<string>YES</string>
				<key>ENABLE_TESTABILITY</key>
				<string>YES</string>
				<key>GCC_C_LANGUAGE_STANDARD</key>
				<string>gnu99</string>
				<key>GCC_DYNAMIC_NO_PIC</key>
				<string>NO</string>
				<key>GCC_NO_COMMON_BLOCKS</key>
				<string>YES</string>
				<key>GCC_OPTIMIZATION_LEVEL</key>
				<string>0</string>
				<key>GCC_PREPROCESSOR_DEFINITIONS</key>
				<array>
					<string>DEBUG=1</string>
					<string>$(inherited)</string>
				</array>
				<key>GCC_SYMBOLS_PRIVATE_EXTERN</key>
				<string>NO</string>
				<key>GCC_VERSION</key>
				<string>com.apple.compilers.llvm.clang.1_0</string>
				<key>GCC_WARN_64_TO_32_BIT_CONVERSION</key>
				<string>YES</string>
				<key>GCC_WARN_ABOUT_MISSING_PROTOTYPES</key>
				<string>YES</string>
				<key>GCC_WARN_ABOUT_RETURN_TYPE</key>
				<string>YES</string>
				<key>GCC_WARN_UNDECLARED_SELECTOR</key>
				<string>YES</string>
				<key>GCC_WARN_UNINITIALIZED_AUTOS</key>
				<string>YES</string>
				<key>GCC_WARN_UNUSED_FUNCTION</key>
				<string>YES</string>
				<key>GCC_WARN_UNUSED_VARIABLE</key>
				<string>YES</string>
				<key>IPHONEOS_DEPLOYMENT_TARGET</key>
				<string>8.0</string>
				<key>ONLY_ACTIVE_ARCH</key>
				<string>YES</string>
				<key>SDKROOT</key>
				<string>iphoneos</string>
			</dict>
			<key>isa</key>
			<string>XCBuildConfiguration</string>
			<key>name</key>
			<string>Debug</string>
		</dict>
		<key>E1F753F314A094F400DB35A3</key>
		<dict>
			<key>buildSettings</key>
			<dict>
				<key>ALWAYS_SEARCH_USER_PATHS</key>
				<string>NO</string>
				<key>CLANG_WARN_BOOL_CONVERSION</key>
				<string>YES</string>
				<key>CLANG_WARN_CONSTANT_CONVERSION</key>
				<string>YES</string>
				<key>CLANG_WARN_EMPTY_BODY</key>
				<string>YES</string>
				<key>CLANG_WARN_ENUM_CONVERSION</key>
				<string>YES</string>
				<key>CLANG_WARN_INT_CONVERSION</key>
				<string>YES</string>
				<key>CLANG_WARN_UNREACHABLE_CODE</key>
				<string>YES</string>
				<key>CLANG_WARN__DUPLICATE_METHOD_MATCH</key>
				<string>YES</string>
				<key>CODE_SIGN_IDENTITY[sdk=iphoneos*]</key>
				<string>iPhone Developer</string>
				<key>COPY_PHASE_STRIP</key>
				<string>YES</string>
				<key>ENABLE_STRICT_OBJC_MSGSEND</key>
				<string>YES</string>
				<key>GCC_C_LANGUAGE_STANDARD</key>
				<string>gnu99</string>
				<key>GCC_NO_COMMON_BLOCKS</key>
				<string>YES</string>
				<key>GCC_VERSION</key>
				<string>com.apple.compilers.llvm.clang.1_0</string>
				<key>GCC_WARN_64_TO_32_BIT_CONVERSION</key>
				<string>YES</string>
				<key>GCC_WARN_ABOUT_MISSING_PROTOTYPES</key>
				<string>YES</string>
				<key>GCC_WARN_ABOUT_RETURN_TYPE</key>
				<string>YES</string>
				<key>GCC_WARN_UNDECLARED_SELECTOR</key>
				<string>YES</string>
				<key>GCC_WARN_UNINITIALIZED_AUTOS</key>
				<string>YES</string>
				<key>GCC_WARN_UNUSED_FUNCTION</key>
				<string>YES</string>
				<key>GCC_WARN_UNUSED_VARIABLE</key>
				<string>YES</string>
				<key>IPHONEOS_DEPLOYMENT_TARGET</key>
				<string>8.0</string>
				<key>OTHER_CFLAGS</key>
				<string>-DNS_BLOCK_ASSERTIONS=1</string>
				<key>SDKROOT</key>
				<string>iphoneos</string>
				<key>VALIDATE_PRODUCT</key>
				<string>YES</string>
			</dict>
			<key>isa</key>
			<string>XCBuildConfiguration</string>
			<key>name</key>
			<string>Release</string>
		</dict>
		<key>E1F753F414A094F400DB35A3</key>
		<dict>
			<key>buildConfigurations</key>
			<array>
				<string>E1F753F514A094F400DB35A3</string>
				<string>E1F753F614A094F400DB35A3</string>
			</array>
			<key>defaultConfigurationIsVisible</key>
			<string>0</string>
			<key>defaultConfigurationName</key>
			<string>Release</string>
			<key>isa</key>
			<string>XCConfigurationList</string>
		</dict>
		<key>E1F753F514A094F400DB35A3</key>
		<dict>
			<key>baseConfigurationReference</key>
			<string>BD789C5C70A3E0AF29241DC4</string>
			<key>buildSettings</key>
			<dict>
				<key>ASSETCATALOG_COMPILER_APPICON_NAME</key>
				<string>AppIcon</string>
				<key>CLANG_ENABLE_OBJC_ARC</key>
				<string>YES</string>
				<key>GCC_PRECOMPILE_PREFIX_HEADER</key>
				<string>YES</string>
				<key>GCC_PREFIX_HEADER</key>
				<string>WordPressApiExample/WordPressApiExample-Prefix.pch</string>
				<key>INFOPLIST_FILE</key>
				<string>WordPressApiExample/WordPressApiExample-Info.plist</string>
				<key>PRODUCT_BUNDLE_IDENTIFIER</key>
				<string>org.wordpress.${PRODUCT_NAME:rfc1034identifier}</string>
				<key>PRODUCT_NAME</key>
				<string>$(TARGET_NAME)</string>
				<key>WRAPPER_EXTENSION</key>
				<string>app</string>
			</dict>
			<key>isa</key>
			<string>XCBuildConfiguration</string>
			<key>name</key>
			<string>Debug</string>
		</dict>
		<key>E1F753F614A094F400DB35A3</key>
		<dict>
			<key>baseConfigurationReference</key>
			<string>49DD6DA74387F61257C8999B</string>
			<key>buildSettings</key>
			<dict>
				<key>ASSETCATALOG_COMPILER_APPICON_NAME</key>
				<string>AppIcon</string>
				<key>CLANG_ENABLE_OBJC_ARC</key>
				<string>YES</string>
				<key>GCC_PRECOMPILE_PREFIX_HEADER</key>
				<string>YES</string>
				<key>GCC_PREFIX_HEADER</key>
				<string>WordPressApiExample/WordPressApiExample-Prefix.pch</string>
				<key>INFOPLIST_FILE</key>
				<string>WordPressApiExample/WordPressApiExample-Info.plist</string>
				<key>PRODUCT_BUNDLE_IDENTIFIER</key>
				<string>org.wordpress.${PRODUCT_NAME:rfc1034identifier}</string>
				<key>PRODUCT_NAME</key>
				<string>$(TARGET_NAME)</string>
				<key>WRAPPER_EXTENSION</key>
				<string>app</string>
			</dict>
			<key>isa</key>
			<string>XCBuildConfiguration</string>
			<key>name</key>
			<string>Release</string>
		</dict>
		<key>F2D3A684DFD1DA608ED90F97</key>
		<dict>
			<key>includeInIndex</key>
			<string>1</string>
			<key>isa</key>
			<string>PBXFileReference</string>
			<key>lastKnownFileType</key>
			<string>text.xcconfig</string>
			<key>name</key>
			<string>Pods-WordPressApiExample-Tests.debug.xcconfig</string>
			<key>path</key>
			<string>Pods/Target Support Files/Pods-WordPressApiExample-Tests/Pods-WordPressApiExample-Tests.debug.xcconfig</string>
			<key>sourceTree</key>
			<string>&lt;group&gt;</string>
		</dict>
		<key>FA45288C2FF3597503208CD4</key>
		<dict>
			<key>fileRef</key>
			<string>9CE7258D017594638D59F4FD</string>
			<key>isa</key>
			<string>PBXBuildFile</string>
		</dict>
		<key>FF561A481C91B4BB00C692B9</key>
		<dict>
			<key>children</key>
			<array>
				<string>FF561A4F1C91B52500C692B9</string>
				<string>FF561A491C91B4BB00C692B9</string>
				<string>FF561A4A1C91B4BB00C692B9</string>
				<string>FF561A4B1C91B4BB00C692B9</string>
				<string>FF561A511C9311BE00C692B9</string>
				<string>FF561A531C93151F00C692B9</string>
				<string>FF561A5A1C96F24D00C692B9</string>
			</array>
			<key>isa</key>
			<string>PBXGroup</string>
			<key>path</key>
			<string>MockData</string>
			<key>sourceTree</key>
			<string>&lt;group&gt;</string>
		</dict>
		<key>FF561A491C91B4BB00C692B9</key>
		<dict>
			<key>fileEncoding</key>
			<string>4</string>
			<key>isa</key>
			<string>PBXFileReference</string>
			<key>lastKnownFileType</key>
			<string>text.html</string>
			<key>path</key>
			<string>html_page_with_link_to_rsd.html</string>
			<key>sourceTree</key>
			<string>&lt;group&gt;</string>
		</dict>
		<key>FF561A4A1C91B4BB00C692B9</key>
		<dict>
			<key>fileEncoding</key>
			<string>4</string>
			<key>isa</key>
			<string>PBXFileReference</string>
			<key>lastKnownFileType</key>
			<string>text.xml</string>
			<key>path</key>
			<string>rsd.xml</string>
			<key>sourceTree</key>
			<string>&lt;group&gt;</string>
		</dict>
		<key>FF561A4B1C91B4BB00C692B9</key>
		<dict>
			<key>fileEncoding</key>
			<string>4</string>
			<key>isa</key>
			<string>PBXFileReference</string>
			<key>lastKnownFileType</key>
			<string>text.xml</string>
			<key>path</key>
			<string>system_list_methods.xml</string>
			<key>sourceTree</key>
			<string>&lt;group&gt;</string>
		</dict>
		<key>FF561A4C1C91B4BB00C692B9</key>
		<dict>
			<key>fileRef</key>
			<string>FF561A491C91B4BB00C692B9</string>
			<key>isa</key>
			<string>PBXBuildFile</string>
		</dict>
		<key>FF561A4D1C91B4BB00C692B9</key>
		<dict>
			<key>fileRef</key>
			<string>FF561A4A1C91B4BB00C692B9</string>
			<key>isa</key>
			<string>PBXBuildFile</string>
		</dict>
		<key>FF561A4E1C91B4BB00C692B9</key>
		<dict>
			<key>fileRef</key>
			<string>FF561A4B1C91B4BB00C692B9</string>
			<key>isa</key>
			<string>PBXBuildFile</string>
		</dict>
		<key>FF561A4F1C91B52500C692B9</key>
		<dict>
			<key>fileEncoding</key>
			<string>4</string>
			<key>isa</key>
			<string>PBXFileReference</string>
			<key>lastKnownFileType</key>
			<string>text.html</string>
			<key>path</key>
			<string>html_page_with_link_to_rsd_non_standard.html</string>
			<key>sourceTree</key>
			<string>&lt;group&gt;</string>
		</dict>
		<key>FF561A501C91B52500C692B9</key>
		<dict>
			<key>fileRef</key>
			<string>FF561A4F1C91B52500C692B9</string>
			<key>isa</key>
			<string>PBXBuildFile</string>
		</dict>
		<key>FF561A511C9311BE00C692B9</key>
		<dict>
			<key>fileEncoding</key>
			<string>4</string>
			<key>isa</key>
			<string>PBXFileReference</string>
			<key>lastKnownFileType</key>
			<string>text.html</string>
			<key>path</key>
			<string>redirect.html</string>
			<key>sourceTree</key>
			<string>&lt;group&gt;</string>
		</dict>
		<key>FF561A521C9311BE00C692B9</key>
		<dict>
			<key>fileRef</key>
			<string>FF561A511C9311BE00C692B9</string>
			<key>isa</key>
			<string>PBXBuildFile</string>
		</dict>
		<key>FF561A531C93151F00C692B9</key>
		<dict>
			<key>fileEncoding</key>
			<string>4</string>
			<key>isa</key>
			<string>PBXFileReference</string>
			<key>lastKnownFileType</key>
			<string>text.html</string>
			<key>path</key>
			<string>plugin_redirect.html</string>
			<key>sourceTree</key>
			<string>&lt;group&gt;</string>
		</dict>
		<key>FF561A541C93151F00C692B9</key>
		<dict>
			<key>fileRef</key>
			<string>FF561A531C93151F00C692B9</string>
			<key>isa</key>
			<string>PBXBuildFile</string>
		</dict>
		<key>FF561A5A1C96F24D00C692B9</key>
		<dict>
			<key>fileEncoding</key>
			<string>4</string>
			<key>isa</key>
			<string>PBXFileReference</string>
			<key>lastKnownFileType</key>
			<string>text.xml</string>
			<key>path</key>
			<string>fault_rpc_call.xml</string>
			<key>sourceTree</key>
			<string>&lt;group&gt;</string>
		</dict>
		<key>FF561A5B1C96F24D00C692B9</key>
		<dict>
			<key>fileRef</key>
			<string>FF561A5A1C96F24D00C692B9</string>
			<key>isa</key>
			<string>PBXBuildFile</string>
		</dict>
		<key>FFA065961C89D73300923B29</key>
		<dict>
			<key>buildActionMask</key>
			<string>2147483647</string>
			<key>files</key>
			<array>
				<string>74CCB7F31C95243200615812</string>
				<string>FFA0659D1C89D73300923B29</string>
			</array>
			<key>isa</key>
			<string>PBXSourcesBuildPhase</string>
			<key>runOnlyForDeploymentPostprocessing</key>
			<string>0</string>
		</dict>
		<key>FFA065971C89D73300923B29</key>
		<dict>
			<key>buildActionMask</key>
			<string>2147483647</string>
			<key>files</key>
			<array>
				<string>7E53B07B9A92035996E3C2B7</string>
			</array>
			<key>isa</key>
			<string>PBXFrameworksBuildPhase</string>
			<key>runOnlyForDeploymentPostprocessing</key>
			<string>0</string>
		</dict>
		<key>FFA065981C89D73300923B29</key>
		<dict>
			<key>buildActionMask</key>
			<string>2147483647</string>
			<key>files</key>
			<array>
				<string>FF561A501C91B52500C692B9</string>
				<string>FF561A541C93151F00C692B9</string>
				<string>FF561A4C1C91B4BB00C692B9</string>
				<string>FF561A521C9311BE00C692B9</string>
				<string>FF561A5B1C96F24D00C692B9</string>
				<string>FF561A4E1C91B4BB00C692B9</string>
				<string>FF561A4D1C91B4BB00C692B9</string>
			</array>
			<key>isa</key>
			<string>PBXResourcesBuildPhase</string>
			<key>runOnlyForDeploymentPostprocessing</key>
			<string>0</string>
		</dict>
		<key>FFA065991C89D73300923B29</key>
		<dict>
			<key>buildConfigurationList</key>
			<string>FFA065A31C89D73300923B29</string>
			<key>buildPhases</key>
			<array>
				<string>2CB7C0FF138D9A7F8A0D6F5F</string>
				<string>FFA065961C89D73300923B29</string>
				<string>FFA065971C89D73300923B29</string>
				<string>FFA065981C89D73300923B29</string>
				<string>9AF48FEE6E252E9C745A459D</string>
				<string>5B73CF0F56F624DC629A4FF5</string>
				<string>63A4427DBAAA795C8A516555</string>
			</array>
			<key>buildRules</key>
			<array/>
			<key>dependencies</key>
			<array>
				<string>FFA065A01C89D73300923B29</string>
			</array>
			<key>isa</key>
			<string>PBXNativeTarget</string>
			<key>name</key>
			<string>Tests</string>
			<key>productName</key>
			<string>Tests</string>
			<key>productReference</key>
			<string>FFA0659A1C89D73300923B29</string>
			<key>productType</key>
			<string>com.apple.product-type.bundle.unit-test</string>
		</dict>
		<key>FFA0659A1C89D73300923B29</key>
		<dict>
			<key>explicitFileType</key>
			<string>wrapper.cfbundle</string>
			<key>includeInIndex</key>
			<string>0</string>
			<key>isa</key>
			<string>PBXFileReference</string>
			<key>path</key>
			<string>Tests.xctest</string>
			<key>sourceTree</key>
			<string>BUILT_PRODUCTS_DIR</string>
		</dict>
		<key>FFA0659B1C89D73300923B29</key>
		<dict>
			<key>children</key>
			<array>
				<string>FF561A481C91B4BB00C692B9</string>
				<string>FFA0659C1C89D73300923B29</string>
				<string>74CCB7F21C95243200615812</string>
				<string>FFA0659E1C89D73300923B29</string>
			</array>
			<key>isa</key>
			<string>PBXGroup</string>
			<key>path</key>
			<string>Tests</string>
			<key>sourceTree</key>
			<string>&lt;group&gt;</string>
		</dict>
		<key>FFA0659C1C89D73300923B29</key>
		<dict>
			<key>isa</key>
			<string>PBXFileReference</string>
			<key>lastKnownFileType</key>
			<string>sourcecode.c.objc</string>
			<key>path</key>
			<string>WordPressXMLRPCApiTests.m</string>
			<key>sourceTree</key>
			<string>&lt;group&gt;</string>
		</dict>
		<key>FFA0659D1C89D73300923B29</key>
		<dict>
			<key>fileRef</key>
			<string>FFA0659C1C89D73300923B29</string>
			<key>isa</key>
			<string>PBXBuildFile</string>
		</dict>
		<key>FFA0659E1C89D73300923B29</key>
		<dict>
			<key>isa</key>
			<string>PBXFileReference</string>
			<key>lastKnownFileType</key>
			<string>text.plist.xml</string>
			<key>path</key>
			<string>Info.plist</string>
			<key>sourceTree</key>
			<string>&lt;group&gt;</string>
		</dict>
		<key>FFA0659F1C89D73300923B29</key>
		<dict>
			<key>containerPortal</key>
			<string>E1F753CA14A094F400DB35A3</string>
			<key>isa</key>
			<string>PBXContainerItemProxy</string>
			<key>proxyType</key>
			<string>1</string>
			<key>remoteGlobalIDString</key>
			<string>E1F753D214A094F400DB35A3</string>
			<key>remoteInfo</key>
			<string>WordPressApiExample</string>
		</dict>
		<key>FFA065A01C89D73300923B29</key>
		<dict>
			<key>isa</key>
			<string>PBXTargetDependency</string>
			<key>target</key>
			<string>E1F753D214A094F400DB35A3</string>
			<key>targetProxy</key>
			<string>FFA0659F1C89D73300923B29</string>
		</dict>
		<key>FFA065A11C89D73300923B29</key>
		<dict>
			<key>baseConfigurationReference</key>
			<string>F2D3A684DFD1DA608ED90F97</string>
			<key>buildSettings</key>
			<dict>
				<key>CLANG_CXX_LANGUAGE_STANDARD</key>
				<string>gnu++0x</string>
				<key>CLANG_CXX_LIBRARY</key>
				<string>libc++</string>
				<key>CLANG_ENABLE_MODULES</key>
				<string>YES</string>
				<key>CLANG_ENABLE_OBJC_ARC</key>
				<string>YES</string>
				<key>CLANG_WARN_DIRECT_OBJC_ISA_USAGE</key>
				<string>YES_ERROR</string>
				<key>CLANG_WARN_OBJC_ROOT_CLASS</key>
				<string>YES_ERROR</string>
				<key>DEBUG_INFORMATION_FORMAT</key>
				<string>dwarf</string>
				<key>ENABLE_TESTABILITY</key>
				<string>YES</string>
				<key>GCC_NO_COMMON_BLOCKS</key>
				<string>YES</string>
				<key>GCC_WARN_ABOUT_RETURN_TYPE</key>
				<string>YES_ERROR</string>
				<key>GCC_WARN_UNINITIALIZED_AUTOS</key>
				<string>YES_AGGRESSIVE</string>
				<key>INFOPLIST_FILE</key>
				<string>Tests/Info.plist</string>
				<key>IPHONEOS_DEPLOYMENT_TARGET</key>
				<string>9.2</string>
				<key>LD_RUNPATH_SEARCH_PATHS</key>
				<string>$(inherited) @executable_path/Frameworks @loader_path/Frameworks</string>
				<key>MTL_ENABLE_DEBUG_INFO</key>
				<string>YES</string>
				<key>PRODUCT_BUNDLE_IDENTIFIER</key>
				<string>org.wordpress.api.Tests</string>
				<key>PRODUCT_NAME</key>
				<string>$(TARGET_NAME)</string>
			</dict>
			<key>isa</key>
			<string>XCBuildConfiguration</string>
			<key>name</key>
			<string>Debug</string>
		</dict>
		<key>FFA065A21C89D73300923B29</key>
		<dict>
			<key>baseConfigurationReference</key>
			<string>1EAF772EDD7B693CFE231044</string>
			<key>buildSettings</key>
			<dict>
				<key>CLANG_CXX_LANGUAGE_STANDARD</key>
				<string>gnu++0x</string>
				<key>CLANG_CXX_LIBRARY</key>
				<string>libc++</string>
				<key>CLANG_ENABLE_MODULES</key>
				<string>YES</string>
				<key>CLANG_ENABLE_OBJC_ARC</key>
				<string>YES</string>
				<key>CLANG_WARN_DIRECT_OBJC_ISA_USAGE</key>
				<string>YES_ERROR</string>
				<key>CLANG_WARN_OBJC_ROOT_CLASS</key>
				<string>YES_ERROR</string>
				<key>COPY_PHASE_STRIP</key>
				<string>NO</string>
				<key>DEBUG_INFORMATION_FORMAT</key>
				<string>dwarf-with-dsym</string>
				<key>ENABLE_NS_ASSERTIONS</key>
				<string>NO</string>
				<key>GCC_NO_COMMON_BLOCKS</key>
				<string>YES</string>
				<key>GCC_WARN_ABOUT_RETURN_TYPE</key>
				<string>YES_ERROR</string>
				<key>GCC_WARN_UNINITIALIZED_AUTOS</key>
				<string>YES_AGGRESSIVE</string>
				<key>INFOPLIST_FILE</key>
				<string>Tests/Info.plist</string>
				<key>IPHONEOS_DEPLOYMENT_TARGET</key>
				<string>9.2</string>
				<key>LD_RUNPATH_SEARCH_PATHS</key>
				<string>$(inherited) @executable_path/Frameworks @loader_path/Frameworks</string>
				<key>MTL_ENABLE_DEBUG_INFO</key>
				<string>NO</string>
				<key>PRODUCT_BUNDLE_IDENTIFIER</key>
				<string>org.wordpress.api.Tests</string>
				<key>PRODUCT_NAME</key>
				<string>$(TARGET_NAME)</string>
			</dict>
			<key>isa</key>
			<string>XCBuildConfiguration</string>
			<key>name</key>
			<string>Release</string>
		</dict>
		<key>FFA065A31C89D73300923B29</key>
		<dict>
			<key>buildConfigurations</key>
			<array>
				<string>FFA065A11C89D73300923B29</string>
				<string>FFA065A21C89D73300923B29</string>
			</array>
			<key>defaultConfigurationIsVisible</key>
			<string>0</string>
			<key>defaultConfigurationName</key>
			<string>Release</string>
			<key>isa</key>
			<string>XCConfigurationList</string>
		</dict>
		<key>FFA065A51C89EEC300923B29</key>
		<dict>
			<key>isa</key>
			<string>PBXFileReference</string>
			<key>lastKnownFileType</key>
			<string>folder.assetcatalog</string>
			<key>path</key>
			<string>Images.xcassets</string>
			<key>sourceTree</key>
			<string>&lt;group&gt;</string>
		</dict>
		<key>FFA065A61C89EEC300923B29</key>
		<dict>
			<key>fileRef</key>
			<string>FFA065A51C89EEC300923B29</string>
			<key>isa</key>
			<string>PBXBuildFile</string>
		</dict>
		<key>FFA065A71C89EF9E00923B29</key>
		<dict>
			<key>children</key>
			<array>
				<string>FFA065A81C89EF9E00923B29</string>
			</array>
			<key>isa</key>
			<string>PBXVariantGroup</string>
			<key>name</key>
			<string>LaunchScreen.storyboard</string>
			<key>sourceTree</key>
			<string>&lt;group&gt;</string>
		</dict>
		<key>FFA065A81C89EF9E00923B29</key>
		<dict>
			<key>isa</key>
			<string>PBXFileReference</string>
			<key>lastKnownFileType</key>
			<string>file.storyboard</string>
			<key>name</key>
			<string>en</string>
			<key>path</key>
			<string>en.lproj/LaunchScreen.storyboard</string>
			<key>sourceTree</key>
			<string>&lt;group&gt;</string>
		</dict>
		<key>FFA065A91C89EF9E00923B29</key>
		<dict>
			<key>fileRef</key>
			<string>FFA065A71C89EF9E00923B29</string>
			<key>isa</key>
			<string>PBXBuildFile</string>
		</dict>
		<key>FFA065AA1C8D87ED00923B29</key>
		<dict>
			<key>children</key>
			<array>
				<string>FFA065AB1C8D880300923B29</string>
				<string>FFA065AC1C8D880300923B29</string>
				<string>FFA065AD1C8D880300923B29</string>
			</array>
			<key>isa</key>
			<string>PBXGroup</string>
			<key>name</key>
			<string>Podspec Metadata</string>
			<key>sourceTree</key>
			<string>&lt;group&gt;</string>
		</dict>
		<key>FFA065AB1C8D880300923B29</key>
		<dict>
			<key>fileEncoding</key>
			<string>4</string>
			<key>isa</key>
			<string>PBXFileReference</string>
			<key>lastKnownFileType</key>
			<string>text</string>
			<key>name</key>
			<string>WordPressApi.podspec</string>
			<key>path</key>
			<string>../WordPressApi.podspec</string>
			<key>sourceTree</key>
			<string>&lt;group&gt;</string>
		</dict>
		<key>FFA065AC1C8D880300923B29</key>
		<dict>
			<key>fileEncoding</key>
			<string>4</string>
			<key>isa</key>
			<string>PBXFileReference</string>
			<key>lastKnownFileType</key>
			<string>net.daringfireball.markdown</string>
			<key>name</key>
			<string>README.md</string>
			<key>path</key>
			<string>../README.md</string>
			<key>sourceTree</key>
			<string>&lt;group&gt;</string>
		</dict>
		<key>FFA065AD1C8D880300923B29</key>
		<dict>
			<key>fileEncoding</key>
			<string>4</string>
			<key>isa</key>
			<string>PBXFileReference</string>
			<key>lastKnownFileType</key>
			<string>net.daringfireball.markdown</string>
			<key>name</key>
			<string>LICENSE.md</string>
			<key>path</key>
			<string>../LICENSE.md</string>
			<key>sourceTree</key>
			<string>&lt;group&gt;</string>
		</dict>
		<key>FFA065AE1C8D880300923B29</key>
		<dict>
			<key>fileRef</key>
			<string>FFA065AB1C8D880300923B29</string>
			<key>isa</key>
			<string>PBXBuildFile</string>
		</dict>
	</dict>
	<key>rootObject</key>
	<string>E1F753CA14A094F400DB35A3</string>
</dict>
</plist>
